
Microsoft Visual Studio Solution File, Format Version 12.00
# Visual Studio Version 16
VisualStudioVersion = 16.0.31321.278
MinimumVisualStudioVersion = 10.0.40219.1
Project("{FAE04EC0-301F-11D3-BF4B-00C04F79EFBC}") = "Task 01", "arrary\Task 01.csproj", "{209A08A5-320D-4FE6-A504-AB8F0AE55765}"
EndProject
Global
	GlobalSection(SolutionConfigurationPlatforms) = preSolution
		Debug|Any CPU = Debug|Any CPU
		Release|Any CPU = Release|Any CPU
	EndGlobalSection
	GlobalSection(ProjectConfigurationPlatforms) = postSolution
		{209A08A5-320D-4FE6-A504-AB8F0AE55765}.Debug|Any CPU.ActiveCfg = Debug|Any CPU
		{209A08A5-320D-4FE6-A504-AB8F0AE55765}.Debug|Any CPU.Build.0 = Debug|Any CPU
		{209A08A5-320D-4FE6-A504-AB8F0AE55765}.Release|Any CPU.ActiveCfg = Release|Any CPU
		{209A08A5-320D-4FE6-A504-AB8F0AE55765}.Release|Any CPU.Build.0 = Release|Any CPU
	EndGlobalSection
	GlobalSection(SolutionProperties) = preSolution
		HideSolutionNode = FALSE
	EndGlobalSection
	GlobalSection(ExtensibilityGlobals) = postSolution
		SolutionGuid = {5BAA982E-2762-4C0C-8533-C2821D197B02}
	EndGlobalSection
EndGlobal
